
Microsoft Visual Studio Solution File, Format Version 12.00
# Visual Studio Version 16
VisualStudioVersion = 16.0.31702.278
MinimumVisualStudioVersion = 10.0.40219.1
Project("{9A19103F-16F7-4668-BE54-9A1E7A4F7556}") = "ShortUrlAPI", "ShortUrlAPI\ShortUrlAPI.csproj", "{051E82A2-823B-4E9F-819D-EE0A96388972}"
EndProject
Global
	GlobalSection(SolutionConfigurationPlatforms) = preSolution
		Debug|Any CPU = Debug|Any CPU
		Debug|x64 = Debug|x64
		Release|Any CPU = Release|Any CPU
		Release|x64 = Release|x64
	EndGlobalSection
	GlobalSection(ProjectConfigurationPlatforms) = postSolution
		{051E82A2-823B-4E9F-819D-EE0A96388972}.Debug|Any CPU.ActiveCfg = Debug|Any CPU
		{051E82A2-823B-4E9F-819D-EE0A96388972}.Debug|Any CPU.Build.0 = Debug|Any CPU
		{051E82A2-823B-4E9F-819D-EE0A96388972}.Debug|x64.ActiveCfg = Debug|x64
		{051E82A2-823B-4E9F-819D-EE0A96388972}.Debug|x64.Build.0 = Debug|x64
		{051E82A2-823B-4E9F-819D-EE0A96388972}.Release|Any CPU.ActiveCfg = Release|Any CPU
		{051E82A2-823B-4E9F-819D-EE0A96388972}.Release|Any CPU.Build.0 = Release|Any CPU
		{051E82A2-823B-4E9F-819D-EE0A96388972}.Release|x64.ActiveCfg = Release|x64
		{051E82A2-823B-4E9F-819D-EE0A96388972}.Release|x64.Build.0 = Release|x64
	EndGlobalSection
	GlobalSection(SolutionProperties) = preSolution
		HideSolutionNode = FALSE
	EndGlobalSection
	GlobalSection(ExtensibilityGlobals) = postSolution
		SolutionGuid = {BD6473FA-43B0-4FF1-AB4D-BA3A0AD76530}
	EndGlobalSection
EndGlobal
